
Microsoft Visual Studio Solution File, Format Version 12.00
# Visual Studio 15
VisualStudioVersion = 15.0.26730.16
MinimumVisualStudioVersion = 10.0.40219.1
Project("{8BC9CEB8-8B4A-11D0-8D11-00A0C91BC942}") = "glfwtest", "glfwtest\glfwtest.vcxproj", "{6C0FEF82-9BE4-492F-8DBD-0149BEE9B099}"
EndProject
Global
	GlobalSection(SolutionConfigurationPlatforms) = preSolution
		Debug|Win32 = Debug|Win32
		Release|Win32 = Release|Win32
	EndGlobalSection
	GlobalSection(ProjectConfigurationPlatforms) = postSolution
		{6C0FEF82-9BE4-492F-8DBD-0149BEE9B099}.Debug|Win32.ActiveCfg = Debug|Win32
		{6C0FEF82-9BE4-492F-8DBD-0149BEE9B099}.Debug|Win32.Build.0 = Debug|Win32
		{6C0FEF82-9BE4-492F-8DBD-0149BEE9B099}.Release|Win32.ActiveCfg = Release|Win32
		{6C0FEF82-9BE4-492F-8DBD-0149BEE9B099}.Release|Win32.Build.0 = Release|Win32
	EndGlobalSection
	GlobalSection(SolutionProperties) = preSolution
		HideSolutionNode = FALSE
	EndGlobalSection
	GlobalSection(ExtensibilityGlobals) = postSolution
		SolutionGuid = {B05B47BA-1C13-4F0F-84E9-8C32F49E2C4D}
	EndGlobalSection
EndGlobal
